
Microsoft Visual Studio Solution File, Format Version 12.00
# Visual Studio Version 17
VisualStudioVersion = 17.5.33627.172
MinimumVisualStudioVersion = 10.0.40219.1
Project("{FAE04EC0-301F-11D3-BF4B-00C04F79EFBC}") = "BTL_Nhom2", "BTL_Nhom2\BTL_Nhom2.csproj", "{0B35D93B-46B8-4A7E-8F6C-AEF8B2432604}"
EndProject
Global
	GlobalSection(SolutionConfigurationPlatforms) = preSolution
		Debug|Any CPU = Debug|Any CPU
		Release|Any CPU = Release|Any CPU
	EndGlobalSection
	GlobalSection(ProjectConfigurationPlatforms) = postSolution
		{0B35D93B-46B8-4A7E-8F6C-AEF8B2432604}.Debug|Any CPU.ActiveCfg = Debug|Any CPU
		{0B35D93B-46B8-4A7E-8F6C-AEF8B2432604}.Debug|Any CPU.Build.0 = Debug|Any CPU
		{0B35D93B-46B8-4A7E-8F6C-AEF8B2432604}.Release|Any CPU.ActiveCfg = Release|Any CPU
		{0B35D93B-46B8-4A7E-8F6C-AEF8B2432604}.Release|Any CPU.Build.0 = Release|Any CPU
	EndGlobalSection
	GlobalSection(SolutionProperties) = preSolution
		HideSolutionNode = FALSE
	EndGlobalSection
	GlobalSection(ExtensibilityGlobals) = postSolution
		SolutionGuid = {7D581F4B-C8BA-482D-BA56-3736496B120E}
	EndGlobalSection
EndGlobal
